
Microsoft Visual Studio Solution File, Format Version 12.00
# Visual Studio Version 16
VisualStudioVersion = 16.0.30330.147
MinimumVisualStudioVersion = 10.0.40219.1
Project("{FAE04EC0-301F-11D3-BF4B-00C04F79EFBC}") = "CashGrow", "CashGrow\CashGrow.csproj", "{402150E6-A7E9-4151-A29A-2D894CA57CD4}"
EndProject
Global
	GlobalSection(SolutionConfigurationPlatforms) = preSolution
		Debug|Any CPU = Debug|Any CPU
		Release|Any CPU = Release|Any CPU
	EndGlobalSection
	GlobalSection(ProjectConfigurationPlatforms) = postSolution
		{402150E6-A7E9-4151-A29A-2D894CA57CD4}.Debug|Any CPU.ActiveCfg = Debug|Any CPU
		{402150E6-A7E9-4151-A29A-2D894CA57CD4}.Debug|Any CPU.Build.0 = Debug|Any CPU
		{402150E6-A7E9-4151-A29A-2D894CA57CD4}.Release|Any CPU.ActiveCfg = Release|Any CPU
		{402150E6-A7E9-4151-A29A-2D894CA57CD4}.Release|Any CPU.Build.0 = Release|Any CPU
	EndGlobalSection
	GlobalSection(SolutionProperties) = preSolution
		HideSolutionNode = FALSE
	EndGlobalSection
	GlobalSection(ExtensibilityGlobals) = postSolution
		SolutionGuid = {4852E40F-33D9-4173-9BBC-C5CDADA5CBB2}
	EndGlobalSection
EndGlobal
